Microsoft Visual Studio Solution File, Format Version 12.00
# Visual Studio Version 17
VisualStudioVersion = 17.5.2.0
MinimumVisualStudioVersion = 10.0.40219.1
Project("{2150E333-8FDC-42A3-9474-1A3956D46DE8}") = "Finished", "Finished", "{B8031A34-B0AE-8DE2-16B1-DD24E562D97B}"
EndProject
Project("{2150E333-8FDC-42A3-9474-1A3956D46DE8}") = "Start", "Start", "{0DDFEE7A-7BCD-3041-7B42-1A6119DEFF0B}"
EndProject
Project("{2150E333-8FDC-42A3-9474-1A3956D46DE8}") = "Classes", "Classes", "{D272F246-5BA5-448E-EF95-9F656E321FD4}"
EndProject
Project("{FAE04EC0-301F-11D3-BF4B-00C04F79EFBC}") = "Comparing", "Finished\Classes\Comparing\Comparing.csproj", "{FB903972-0BCB-42E2-B2D4-EDC394C4F8A7}"
EndProject
Project("{FAE04EC0-301F-11D3-BF4B-00C04F79EFBC}") = "Indexers", "Finished\Classes\Indexers\Indexers.csproj", "{0DC0EEBD-22A2-7461-C793-43304C8E3722}"
EndProject
Project("{FAE04EC0-301F-11D3-BF4B-00C04F79EFBC}") = "Records", "Finished\Classes\Records\Records.csproj", "{7226B256-0898-F3CE-B9F6-7F41F15B5E04}"
EndProject
Project("{FAE04EC0-301F-11D3-BF4B-00C04F79EFBC}") = "ToString", "Finished\Classes\ToString\ToString.csproj", "{0BB38C69-C30B-C498-2179-FD84FFDCECD3}"
EndProject
Project("{2150E333-8FDC-42A3-9474-1A3956D46DE8}") = "General", "General", "{B09BB365-9ED4-419E-833C-10291E5FE3AF}"
EndProject
Project("{FAE04EC0-301F-11D3-BF4B-00C04F79EFBC}") = "DeconstructCustom", "Finished\General\DeconstructCustom\DeconstructCustom.csproj", "{4B00E2F3-5C20-0C96-7663-C09FE8029004}"
EndProject
Project("{FAE04EC0-301F-11D3-BF4B-00C04F79EFBC}") = "Deconstruction", "Finished\General\DeconstructTuples\Deconstruction.csproj", "{B526D177-300E-1510-A255-E0A06BE62EE4}"
EndProject
Project("{FAE04EC0-301F-11D3-BF4B-00C04F79EFBC}") = "IndexesRanges", "Finished\General\IndexesRanges\IndexesRanges.csproj", "{64506101-2871-1C80-B1EF-62F43063E774}"
EndProject
Project("{FAE04EC0-301F-11D3-BF4B-00C04F79EFBC}") = "NullOperator", "Finished\General\NullOperator\NullOperator.csproj", "{1C44010B-C0D1-CF22-3AFF-807E3820B7AF}"
EndProject
Project("{FAE04EC0-301F-11D3-BF4B-00C04F79EFBC}") = "NumberLiterals", "Finished\General\NumberLiterals\NumberLiterals.csproj", "{68E3B791-B8FA-1E5B-593C-F1C31EEE0E20}"
EndProject
Project("{2150E333-8FDC-42A3-9474-1A3956D46DE8}") = "PatternMatching", "PatternMatching", "{7755C28A-B4E4-6BBC-1C3C-B306F511FF6E}"
EndProject
Project("{FAE04EC0-301F-11D3-BF4B-00C04F79EFBC}") = "TypeTest", "Finished\PatternMatching\BasicPatterns\TypeTest.csproj", "{19FEA899-AE2E-6107-D262-0C48BA9AC198}"
EndProject
Project("{FAE04EC0-301F-11D3-BF4B-00C04F79EFBC}") = "PatternChallenge", "Finished\PatternMatching\PatternChallenge\PatternChallenge.csproj", "{5AE4D6D5-0D6B-95AA-110A-353E34700890}"
EndProject
Project("{FAE04EC0-301F-11D3-BF4B-00C04F79EFBC}") = "PositionalPatterns", "Finished\PatternMatching\PositionalPatterns\PositionalPatterns.csproj", "{B8B16526-2C75-ED9E-B393-49A0A68652A2}"
EndProject
Project("{FAE04EC0-301F-11D3-BF4B-00C04F79EFBC}") = "RelationalPatterns", "Finished\PatternMatching\RelationalPatterns\RelationalPatterns.csproj", "{D6253DD0-038E-1381-6F39-345025606DC1}"
EndProject
Project("{FAE04EC0-301F-11D3-BF4B-00C04F79EFBC}") = "SwitchExpr", "Finished\PatternMatching\SwitchExpr\SwitchExpr.csproj", "{93DDF5A5-A1CB-6442-FBAC-94ED5175373E}"
EndProject
Project("{2150E333-8FDC-42A3-9474-1A3956D46DE8}") = "Classes", "Classes", "{EA163C4F-BFAF-52F2-0387-748D1E51EAB5}"
EndProject
Project("{FAE04EC0-301F-11D3-BF4B-00C04F79EFBC}") = "Comparing", "Start\Classes\Comparing\Comparing.csproj", "{522F4D96-F7C2-6D73-8118-77C5CABC2F04}"
EndProject
Project("{FAE04EC0-301F-11D3-BF4B-00C04F79EFBC}") = "Indexers", "Start\Classes\Indexers\Indexers.csproj", "{3C0970C2-AED1-2198-E737-332E19D6C40A}"
EndProject
Project("{FAE04EC0-301F-11D3-BF4B-00C04F79EFBC}") = "Records", "Start\Classes\Records\Records.csproj", "{AFFFFF0C-8ED0-DA31-5E12-AC16B3B3CF4C}"
EndProject
Project("{FAE04EC0-301F-11D3-BF4B-00C04F79EFBC}") = "ToString", "Start\Classes\ToString\ToString.csproj", "{046194FC-E569-418B-0345-24058BDD8EAC}"
EndProject
Project("{2150E333-8FDC-42A3-9474-1A3956D46DE8}") = "General", "General", "{58635A47-CCF9-73B5-8D73-5DB4061B02E2}"
EndProject
Project("{FAE04EC0-301F-11D3-BF4B-00C04F79EFBC}") = "DeconstructCustom", "Start\General\DeconstructCustom\DeconstructCustom.csproj", "{1CCA3BA0-3BBA-A440-A32E-3D3A758EADD9}"
EndProject
Project("{FAE04EC0-301F-11D3-BF4B-00C04F79EFBC}") = "Deconstruction", "Start\General\DeconstructTuples\Deconstruction.csproj", "{86DD9935-64E9-90EC-F97D-8FE5A9FDFFFF}"
EndProject
Project("{FAE04EC0-301F-11D3-BF4B-00C04F79EFBC}") = "IndexesRanges", "Start\General\IndexesRanges\IndexesRanges.csproj", "{ABD04744-985B-BB3F-7DD2-66C4F73DBED8}"
EndProject
Project("{FAE04EC0-301F-11D3-BF4B-00C04F79EFBC}") = "NullOperator", "Start\General\NullOperator\NullOperator.csproj", "{E305B5F6-E8BA-8965-D402-DE5A9CBC3909}"
EndProject
Project("{FAE04EC0-301F-11D3-BF4B-00C04F79EFBC}") = "NumberLiterals", "Start\General\NumberLiterals\NumberLiterals.csproj", "{CB14C2D0-D5A8-235F-FF48-E6102C382D5F}"
EndProject
Project("{2150E333-8FDC-42A3-9474-1A3956D46DE8}") = "PatternMatching", "PatternMatching", "{E64FB80C-C248-5457-8280-7E1BF7A74BBA}"
EndProject
Project("{FAE04EC0-301F-11D3-BF4B-00C04F79EFBC}") = "TypeTest", "Start\PatternMatching\BasicPatterns\TypeTest.csproj", "{340EBBF1-4108-CAE3-55A3-C894DFB1E0BA}"
EndProject
Project("{FAE04EC0-301F-11D3-BF4B-00C04F79EFBC}") = "PatternChallenge", "Start\PatternMatching\PatternChallenge\PatternChallenge.csproj", "{927A22F2-2458-3278-FCF6-4F17C5E9E097}"
EndProject
Project("{FAE04EC0-301F-11D3-BF4B-00C04F79EFBC}") = "PositionalPatterns", "Start\PatternMatching\PositionalPatterns\PositionalPatterns.csproj", "{A3FAE6AE-4C28-B021-7489-0198BD0023E9}"
EndProject
Project("{FAE04EC0-301F-11D3-BF4B-00C04F79EFBC}") = "RelationalPatterns", "Start\PatternMatching\RelationalPatterns\RelationalPatterns.csproj", "{5D71B478-CCD0-BE29-629C-47FCC69F0E17}"
EndProject
Project("{FAE04EC0-301F-11D3-BF4B-00C04F79EFBC}") = "SwitchExpr", "Start\PatternMatching\SwitchExpr\SwitchExpr.csproj", "{D6984E47-D39F-A945-8F57-67CA9A791D9A}"
EndProject
Global
	GlobalSection(SolutionConfigurationPlatforms) = preSolution
		Debug|Any CPU = Debug|Any CPU
		Release|Any CPU = Release|Any CPU
	EndGlobalSection
	GlobalSection(ProjectConfigurationPlatforms) = postSolution
		{FB903972-0BCB-42E2-B2D4-EDC394C4F8A7}.Debug|Any CPU.ActiveCfg = Debug|Any CPU
		{FB903972-0BCB-42E2-B2D4-EDC394C4F8A7}.Debug|Any CPU.Build.0 = Debug|Any CPU
		{FB903972-0BCB-42E2-B2D4-EDC394C4F8A7}.Release|Any CPU.ActiveCfg = Release|Any CPU
		{FB903972-0BCB-42E2-B2D4-EDC394C4F8A7}.Release|Any CPU.Build.0 = Release|Any CPU
		{0DC0EEBD-22A2-7461-C793-43304C8E3722}.Debug|Any CPU.ActiveCfg = Debug|Any CPU
		{0DC0EEBD-22A2-7461-C793-43304C8E3722}.Debug|Any CPU.Build.0 = Debug|Any CPU
		{0DC0EEBD-22A2-7461-C793-43304C8E3722}.Release|Any CPU.ActiveCfg = Release|Any CPU
		{0DC0EEBD-22A2-7461-C793-43304C8E3722}.Release|Any CPU.Build.0 = Release|Any CPU
		{7226B256-0898-F3CE-B9F6-7F41F15B5E04}.Debug|Any CPU.ActiveCfg = Debug|Any CPU
		{7226B256-0898-F3CE-B9F6-7F41F15B5E04}.Debug|Any CPU.Build.0 = Debug|Any CPU
		{7226B256-0898-F3CE-B9F6-7F41F15B5E04}.Release|Any CPU.ActiveCfg = Release|Any CPU
		{7226B256-0898-F3CE-B9F6-7F41F15B5E04}.Release|Any CPU.Build.0 = Release|Any CPU
		{0BB38C69-C30B-C498-2179-FD84FFDCECD3}.Debug|Any CPU.ActiveCfg = Debug|Any CPU
		{0BB38C69-C30B-C498-2179-FD84FFDCECD3}.Debug|Any CPU.Build.0 = Debug|Any CPU
		{0BB38C69-C30B-C498-2179-FD84FFDCECD3}.Release|Any CPU.ActiveCfg = Release|Any CPU
		{0BB38C69-C30B-C498-2179-FD84FFDCECD3}.Release|Any CPU.Build.0 = Release|Any CPU
		{4B00E2F3-5C20-0C96-7663-C09FE8029004}.Debug|Any CPU.ActiveCfg = Debug|Any CPU
		{4B00E2F3-5C20-0C96-7663-C09FE8029004}.Debug|Any CPU.Build.0 = Debug|Any CPU
		{4B00E2F3-5C20-0C96-7663-C09FE8029004}.Release|Any CPU.ActiveCfg = Release|Any CPU
		{4B00E2F3-5C20-0C96-7663-C09FE8029004}.Release|Any CPU.Build.0 = Release|Any CPU
		{B526D177-300E-1510-A255-E0A06BE62EE4}.Debug|Any CPU.ActiveCfg = Debug|Any CPU
		{B526D177-300E-1510-A255-E0A06BE62EE4}.Debug|Any CPU.Build.0 = Debug|Any CPU
		{B526D177-300E-1510-A255-E0A06BE62EE4}.Release|Any CPU.ActiveCfg = Release|Any CPU
		{B526D177-300E-1510-A255-E0A06BE62EE4}.Release|Any CPU.Build.0 = Release|Any CPU
		{64506101-2871-1C80-B1EF-62F43063E774}.Debug|Any CPU.ActiveCfg = Debug|Any CPU
		{64506101-2871-1C80-B1EF-62F43063E774}.Debug|Any CPU.Build.0 = Debug|Any CPU
		{64506101-2871-1C80-B1EF-62F43063E774}.Release|Any CPU.ActiveCfg = Release|Any CPU
		{64506101-2871-1C80-B1EF-62F43063E774}.Release|Any CPU.Build.0 = Release|Any CPU
		{1C44010B-C0D1-CF22-3AFF-807E3820B7AF}.Debug|Any CPU.ActiveCfg = Debug|Any CPU
		{1C44010B-C0D1-CF22-3AFF-807E3820B7AF}.Debug|Any CPU.Build.0 = Debug|Any CPU
		{1C44010B-C0D1-CF22-3AFF-807E3820B7AF}.Release|Any CPU.ActiveCfg = Release|Any CPU
		{1C44010B-C0D1-CF22-3AFF-807E3820B7AF}.Release|Any CPU.Build.0 = Release|Any CPU
		{68E3B791-B8FA-1E5B-593C-F1C31EEE0E20}.Debug|Any CPU.ActiveCfg = Debug|Any CPU
		{68E3B791-B8FA-1E5B-593C-F1C31EEE0E20}.Debug|Any CPU.Build.0 = Debug|Any CPU
		{68E3B791-B8FA-1E5B-593C-F1C31EEE0E20}.Release|Any CPU.ActiveCfg = Release|Any CPU
		{68E3B791-B8FA-1E5B-593C-F1C31EEE0E20}.Release|Any CPU.Build.0 = Release|Any CPU
		{19FEA899-AE2E-6107-D262-0C48BA9AC198}.Debug|Any CPU.ActiveCfg = Debug|Any CPU
		{19FEA899-AE2E-6107-D262-0C48BA9AC198}.Debug|Any CPU.Build.0 = Debug|Any CPU
		{19FEA899-AE2E-6107-D262-0C48BA9AC198}.Release|Any CPU.ActiveCfg = Release|Any CPU
		{19FEA899-AE2E-6107-D262-0C48BA9AC198}.Release|Any CPU.Build.0 = Release|Any CPU
		{5AE4D6D5-0D6B-95AA-110A-353E34700890}.Debug|Any CPU.ActiveCfg = Debug|Any CPU
		{5AE4D6D5-0D6B-95AA-110A-353E34700890}.Debug|Any CPU.Build.0 = Debug|Any CPU
		{5AE4D6D5-0D6B-95AA-110A-353E34700890}.Release|Any CPU.ActiveCfg = Release|Any CPU
		{5AE4D6D5-0D6B-95AA-110A-353E34700890}.Release|Any CPU.Build.0 = Release|Any CPU
		{B8B16526-2C75-ED9E-B393-49A0A68652A2}.Debug|Any CPU.ActiveCfg = Debug|Any CPU
		{B8B16526-2C75-ED9E-B393-49A0A68652A2}.Debug|Any CPU.Build.0 = Debug|Any CPU
		{B8B16526-2C75-ED9E-B393-49A0A68652A2}.Release|Any CPU.ActiveCfg = Release|Any CPU
		{B8B16526-2C75-ED9E-B393-49A0A68652A2}.Release|Any CPU.Build.0 = Release|Any CPU
		{D6253DD0-038E-1381-6F39-345025606DC1}.Debug|Any CPU.ActiveCfg = Debug|Any CPU
		{D6253DD0-038E-1381-6F39-345025606DC1}.Debug|Any CPU.Build.0 = Debug|Any CPU
		{D6253DD0-038E-1381-6F39-345025606DC1}.Release|Any CPU.ActiveCfg = Release|Any CPU
		{D6253DD0-038E-1381-6F39-345025606DC1}.Release|Any CPU.Build.0 = Release|Any CPU
		{93DDF5A5-A1CB-6442-FBAC-94ED5175373E}.Debug|Any CPU.ActiveCfg = Debug|Any CPU
		{93DDF5A5-A1CB-6442-FBAC-94ED5175373E}.Debug|Any CPU.Build.0 = Debug|Any CPU
		{93DDF5A5-A1CB-6442-FBAC-94ED5175373E}.Release|Any CPU.ActiveCfg = Release|Any CPU
		{93DDF5A5-A1CB-6442-FBAC-94ED5175373E}.Release|Any CPU.Build.0 = Release|Any CPU
		{522F4D96-F7C2-6D73-8118-77C5CABC2F04}.Debug|Any CPU.ActiveCfg = Debug|Any CPU
		{522F4D96-F7C2-6D73-8118-77C5CABC2F04}.Debug|Any CPU.Build.0 = Debug|Any CPU
		{522F4D96-F7C2-6D73-8118-77C5CABC2F04}.Release|Any CPU.ActiveCfg = Release|Any CPU
		{522F4D96-F7C2-6D73-8118-77C5CABC2F04}.Release|Any CPU.Build.0 = Release|Any CPU
		{3C0970C2-AED1-2198-E737-332E19D6C40A}.Debug|Any CPU.ActiveCfg = Debug|Any CPU
		{3C0970C2-AED1-2198-E737-332E19D6C40A}.Debug|Any CPU.Build.0 = Debug|Any CPU
		{3C0970C2-AED1-2198-E737-332E19D6C40A}.Release|Any CPU.ActiveCfg = Release|Any CPU
		{3C0970C2-AED1-2198-E737-332E19D6C40A}.Release|Any CPU.Build.0 = Release|Any CPU
		{AFFFFF0C-8ED0-DA31-5E12-AC16B3B3CF4C}.Debug|Any CPU.ActiveCfg = Debug|Any CPU
		{AFFFFF0C-8ED0-DA31-5E12-AC16B3B3CF4C}.Debug|Any CPU.Build.0 = Debug|Any CPU
		{AFFFFF0C-8ED0-DA31-5E12-AC16B3B3CF4C}.Release|Any CPU.ActiveCfg = Release|Any CPU
		{AFFFFF0C-8ED0-DA31-5E12-AC16B3B3CF4C}.Release|Any CPU.Build.0 = Release|Any CPU
		{046194FC-E569-418B-0345-24058BDD8EAC}.Debug|Any CPU.ActiveCfg = Debug|Any CPU
		{046194FC-E569-418B-0345-24058BDD8EAC}.Debug|Any CPU.Build.0 = Debug|Any CPU
		{046194FC-E569-418B-0345-24058BDD8EAC}.Release|Any CPU.ActiveCfg = Release|Any CPU
		{046194FC-E569-418B-0345-24058BDD8EAC}.Release|Any CPU.Build.0 = Release|Any CPU
		{1CCA3BA0-3BBA-A440-A32E-3D3A758EADD9}.Debug|Any CPU.ActiveCfg = Debug|Any CPU
		{1CCA3BA0-3BBA-A440-A32E-3D3A758EADD9}.Debug|Any CPU.Build.0 = Debug|Any CPU
		{1CCA3BA0-3BBA-A440-A32E-3D3A758EADD9}.Release|Any CPU.ActiveCfg = Release|Any CPU
		{1CCA3BA0-3BBA-A440-A32E-3D3A758EADD9}.Release|Any CPU.Build.0 = Release|Any CPU
		{86DD9935-64E9-90EC-F97D-8FE5A9FDFFFF}.Debug|Any CPU.ActiveCfg = Debug|Any CPU
		{86DD9935-64E9-90EC-F97D-8FE5A9FDFFFF}.Debug|Any CPU.Build.0 = Debug|Any CPU
		{86DD9935-64E9-90EC-F97D-8FE5A9FDFFFF}.Release|Any CPU.ActiveCfg = Release|Any CPU
		{86DD9935-64E9-90EC-F97D-8FE5A9FDFFFF}.Release|Any CPU.Build.0 = Release|Any CPU
		{ABD04744-985B-BB3F-7DD2-66C4F73DBED8}.Debug|Any CPU.ActiveCfg = Debug|Any CPU
		{ABD04744-985B-BB3F-7DD2-66C4F73DBED8}.Debug|Any CPU.Build.0 = Debug|Any CPU
		{ABD04744-985B-BB3F-7DD2-66C4F73DBED8}.Release|Any CPU.ActiveCfg = Release|Any CPU
		{ABD04744-985B-BB3F-7DD2-66C4F73DBED8}.Release|Any CPU.Build.0 = Release|Any CPU
		{E305B5F6-E8BA-8965-D402-DE5A9CBC3909}.Debug|Any CPU.ActiveCfg = Debug|Any CPU
		{E305B5F6-E8BA-8965-D402-DE5A9CBC3909}.Debug|Any CPU.Build.0 = Debug|Any CPU
		{E305B5F6-E8BA-8965-D402-DE5A9CBC3909}.Release|Any CPU.ActiveCfg = Release|Any CPU
		{E305B5F6-E8BA-8965-D402-DE5A9CBC3909}.Release|Any CPU.Build.0 = Release|Any CPU
		{CB14C2D0-D5A8-235F-FF48-E6102C382D5F}.Debug|Any CPU.ActiveCfg = Debug|Any CPU
		{CB14C2D0-D5A8-235F-FF48-E6102C382D5F}.Debug|Any CPU.Build.0 = Debug|Any CPU
		{CB14C2D0-D5A8-235F-FF48-E6102C382D5F}.Release|Any CPU.ActiveCfg = Release|Any CPU
		{CB14C2D0-D5A8-235F-FF48-E6102C382D5F}.Release|Any CPU.Build.0 = Release|Any CPU
		{340EBBF1-4108-CAE3-55A3-C894DFB1E0BA}.Debug|Any CPU.ActiveCfg = Debug|Any CPU
		{340EBBF1-4108-CAE3-55A3-C894DFB1E0BA}.Debug|Any CPU.Build.0 = Debug|Any CPU
		{340EBBF1-4108-CAE3-55A3-C894DFB1E0BA}.Release|Any CPU.ActiveCfg = Release|Any CPU
		{340EBBF1-4108-CAE3-55A3-C894DFB1E0BA}.Release|Any CPU.Build.0 = Release|Any CPU
		{927A22F2-2458-3278-FCF6-4F17C5E9E097}.Debug|Any CPU.ActiveCfg = Debug|Any CPU
		{927A22F2-2458-3278-FCF6-4F17C5E9E097}.Debug|Any CPU.Build.0 = Debug|Any CPU
		{927A22F2-2458-3278-FCF6-4F17C5E9E097}.Release|Any CPU.ActiveCfg = Release|Any CPU
		{927A22F2-2458-3278-FCF6-4F17C5E9E097}.Release|Any CPU.Build.0 = Release|Any CPU
		{A3FAE6AE-4C28-B021-7489-0198BD0023E9}.Debug|Any CPU.ActiveCfg = Debug|Any CPU
		{A3FAE6AE-4C28-B021-7489-0198BD0023E9}.Debug|Any CPU.Build.0 = Debug|Any CPU
		{A3FAE6AE-4C28-B021-7489-0198BD0023E9}.Release|Any CPU.ActiveCfg = Release|Any CPU
		{A3FAE6AE-4C28-B021-7489-0198BD0023E9}.Release|Any CPU.Build.0 = Release|Any CPU
		{5D71B478-CCD0-BE29-629C-47FCC69F0E17}.Debug|Any CPU.ActiveCfg = Debug|Any CPU
		{5D71B478-CCD0-BE29-629C-47FCC69F0E17}.Debug|Any CPU.Build.0 = Debug|Any CPU
		{5D71B478-CCD0-BE29-629C-47FCC69F0E17}.Release|Any CPU.ActiveCfg = Release|Any CPU
		{5D71B478-CCD0-BE29-629C-47FCC69F0E17}.Release|Any CPU.Build.0 = Release|Any CPU
		{D6984E47-D39F-A945-8F57-67CA9A791D9A}.Debug|Any CPU.ActiveCfg = Debug|Any CPU
		{D6984E47-D39F-A945-8F57-67CA9A791D9A}.Debug|Any CPU.Build.0 = Debug|Any CPU
		{D6984E47-D39F-A945-8F57-67CA9A791D9A}.Release|Any CPU.ActiveCfg = Release|Any CPU
		{D6984E47-D39F-A945-8F57-67CA9A791D9A}.Release|Any CPU.Build.0 = Release|Any CPU
	EndGlobalSection
	GlobalSection(SolutionProperties) = preSolution
		HideSolutionNode = FALSE
	EndGlobalSection
	GlobalSection(NestedProjects) = preSolution
		{D272F246-5BA5-448E-EF95-9F656E321FD4} = {B8031A34-B0AE-8DE2-16B1-DD24E562D97B}
		{FB903972-0BCB-42E2-B2D4-EDC394C4F8A7} = {D272F246-5BA5-448E-EF95-9F656E321FD4}
		{0DC0EEBD-22A2-7461-C793-43304C8E3722} = {D272F246-5BA5-448E-EF95-9F656E321FD4}
		{7226B256-0898-F3CE-B9F6-7F41F15B5E04} = {D272F246-5BA5-448E-EF95-9F656E321FD4}
		{0BB38C69-C30B-C498-2179-FD84FFDCECD3} = {D272F246-5BA5-448E-EF95-9F656E321FD4}
		{B09BB365-9ED4-419E-833C-10291E5FE3AF} = {B8031A34-B0AE-8DE2-16B1-DD24E562D97B}
		{4B00E2F3-5C20-0C96-7663-C09FE8029004} = {B09BB365-9ED4-419E-833C-10291E5FE3AF}
		{B526D177-300E-1510-A255-E0A06BE62EE4} = {B09BB365-9ED4-419E-833C-10291E5FE3AF}
		{64506101-2871-1C80-B1EF-62F43063E774} = {B09BB365-9ED4-419E-833C-10291E5FE3AF}
		{1C44010B-C0D1-CF22-3AFF-807E3820B7AF} = {B09BB365-9ED4-419E-833C-10291E5FE3AF}
		{68E3B791-B8FA-1E5B-593C-F1C31EEE0E20} = {B09BB365-9ED4-419E-833C-10291E5FE3AF}
		{7755C28A-B4E4-6BBC-1C3C-B306F511FF6E} = {B8031A34-B0AE-8DE2-16B1-DD24E562D97B}
		{19FEA899-AE2E-6107-D262-0C48BA9AC198} = {7755C28A-B4E4-6BBC-1C3C-B306F511FF6E}
		{5AE4D6D5-0D6B-95AA-110A-353E34700890} = {7755C28A-B4E4-6BBC-1C3C-B306F511FF6E}
		{B8B16526-2C75-ED9E-B393-49A0A68652A2} = {7755C28A-B4E4-6BBC-1C3C-B306F511FF6E}
		{D6253DD0-038E-1381-6F39-345025606DC1} = {7755C28A-B4E4-6BBC-1C3C-B306F511FF6E}
		{93DDF5A5-A1CB-6442-FBAC-94ED5175373E} = {7755C28A-B4E4-6BBC-1C3C-B306F511FF6E}
		{EA163C4F-BFAF-52F2-0387-748D1E51EAB5} = {0DDFEE7A-7BCD-3041-7B42-1A6119DEFF0B}
		{522F4D96-F7C2-6D73-8118-77C5CABC2F04} = {EA163C4F-BFAF-52F2-0387-748D1E51EAB5}
		{3C0970C2-AED1-2198-E737-332E19D6C40A} = {EA163C4F-BFAF-52F2-0387-748D1E51EAB5}
		{AFFFFF0C-8ED0-DA31-5E12-AC16B3B3CF4C} = {EA163C4F-BFAF-52F2-0387-748D1E51EAB5}
		{046194FC-E569-418B-0345-24058BDD8EAC} = {EA163C4F-BFAF-52F2-0387-748D1E51EAB5}
		{58635A47-CCF9-73B5-8D73-5DB4061B02E2} = {0DDFEE7A-7BCD-3041-7B42-1A6119DEFF0B}
		{1CCA3BA0-3BBA-A440-A32E-3D3A758EADD9} = {58635A47-CCF9-73B5-8D73-5DB4061B02E2}
		{86DD9935-64E9-90EC-F97D-8FE5A9FDFFFF} = {58635A47-CCF9-73B5-8D73-5DB4061B02E2}
		{ABD04744-985B-BB3F-7DD2-66C4F73DBED8} = {58635A47-CCF9-73B5-8D73-5DB4061B02E2}
		{E305B5F6-E8BA-8965-D402-DE5A9CBC3909} = {58635A47-CCF9-73B5-8D73-5DB4061B02E2}
		{CB14C2D0-D5A8-235F-FF48-E6102C382D5F} = {58635A47-CCF9-73B5-8D73-5DB4061B02E2}
		{E64FB80C-C248-5457-8280-7E1BF7A74BBA} = {0DDFEE7A-7BCD-3041-7B42-1A6119DEFF0B}
		{340EBBF1-4108-CAE3-55A3-C894DFB1E0BA} = {E64FB80C-C248-5457-8280-7E1BF7A74BBA}
		{927A22F2-2458-3278-FCF6-4F17C5E9E097} = {E64FB80C-C248-5457-8280-7E1BF7A74BBA}
		{A3FAE6AE-4C28-B021-7489-0198BD0023E9} = {E64FB80C-C248-5457-8280-7E1BF7A74BBA}
		{5D71B478-CCD0-BE29-629C-47FCC69F0E17} = {E64FB80C-C248-5457-8280-7E1BF7A74BBA}
		{D6984E47-D39F-A945-8F57-67CA9A791D9A} = {E64FB80C-C248-5457-8280-7E1BF7A74BBA}
	EndGlobalSection
	GlobalSection(ExtensibilityGlobals) = postSolution
		SolutionGuid = {6B3497CA-459B-46EB-BA9E-3C897A24C442}
	EndGlobalSection
EndGlobal
